// !$*UTF8*$!
{
	archiveVersion = 1;
	classes = {
	};
	objectVersion = 52;
	objects = {

/* Begin PBXBuildFile section */
		601AD88525836A2200A43234 /* HomeView.swift in Sources */ = {isa = PBXBuildFile; fileRef = 601AD88425836A2200A43234 /* HomeView.swift */; };
		601AD88825836D4B00A43234 /* AppView.swift in Sources */ = {isa = PBXBuildFile; fileRef = 601AD88725836D4B00A43234 /* AppView.swift */; };
		601AD88B25836D8A00A43234 /* DataView.swift in Sources */ = {isa = PBXBuildFile; fileRef = 601AD88A25836D8A00A43234 /* DataView.swift */; };
		601AD8972583B45C00A43234 /* DataOne.swift in Sources */ = {isa = PBXBuildFile; fileRef = 601AD8962583B45C00A43234 /* DataOne.swift */; };
		6032D199257D9B4000E66007 /* GlaucomaApp.swift in Sources */ = {isa = PBXBuildFile; fileRef = 6032D198257D9B4000E66007 /* GlaucomaApp.swift */; };
		6032D19B257D9B4000E66007 /* ContentView.swift in Sources */ = {isa = PBXBuildFile; fileRef = 6032D19A257D9B4000E66007 /* ContentView.swift */; };
		6032D19D257D9B4800E66007 /* Assets.xcassets in Resources */ = {isa = PBXBuildFile; fileRef = 6032D19C257D9B4800E66007 /* Assets.xcassets */; };
		6032D1A0257D9B4800E66007 /* Preview Assets.xcassets in Resources */ = {isa = PBXBuildFile; fileRef = 6032D19F257D9B4800E66007 /* Preview Assets.xcassets */; };
		604C883927FE8D9A006BD226 /* Date.swift in Sources */ = {isa = PBXBuildFile; fileRef = 604C883827FE8D9A006BD226 /* Date.swift */; };
		60947C6727FB351200584BA3 /* BLEViewModel.swift in Sources */ = {isa = PBXBuildFile; fileRef = 60947C6627FB351200584BA3 /* BLEViewModel.swift */; };
		60947C6927FB35C600584BA3 /* BLEConnectView.swift in Sources */ = {isa = PBXBuildFile; fileRef = 60947C6827FB35C600584BA3 /* BLEConnectView.swift */; };
		60947C6C27FB3FBA00584BA3 /* HomeView2.swift in Sources */ = {isa = PBXBuildFile; fileRef = 60947C6B27FB3FBA00584BA3 /* HomeView2.swift */; };
		60947C6E27FB479E00584BA3 /* DataView2.swift in Sources */ = {isa = PBXBuildFile; fileRef = 60947C6D27FB479E00584BA3 /* DataView2.swift */; };
		60F1F74927FED5F100A84BDE /* SwiftUICharts in Frameworks */ = {isa = PBXBuildFile; productRef = 60F1F74827FED5F100A84BDE /* SwiftUICharts */; };
		60F1F74D27FF574F00A84BDE /* HomeViewModel.swift in Sources */ = {isa = PBXBuildFile; fileRef = 60F1F74C27FF574F00A84BDE /* HomeViewModel.swift */; };
		60F1F74F27FF9A5F00A84BDE /* ViewExtension.swift in Sources */ = {isa = PBXBuildFile; fileRef = 60F1F74E27FF9A5F00A84BDE /* ViewExtension.swift */; };
		60F1F75127FFA7E100A84BDE /* DataHandling.swift in Sources */ = {isa = PBXBuildFile; fileRef = 60F1F75027FFA7E100A84BDE /* DataHandling.swift */; };
		D6143AA127AF0D2500F273B4 /* SettingView.swift in Sources */ = {isa = PBXBuildFile; fileRef = D6143AA027AF0D2500F273B4 /* SettingView.swift */; };
		D63819E827E63F7C004F2B5E /* SignInWithApple.swift in Sources */ = {isa = PBXBuildFile; fileRef = D63819E627E63F7C004F2B5E /* SignInWithApple.swift */; };
		D63819E927E63F7C004F2B5E /* SignInWithAppleDelegates.swift in Sources */ = {isa = PBXBuildFile; fileRef = D63819E727E63F7C004F2B5E /* SignInWithAppleDelegates.swift */; };
		D63819F127E642BB004F2B5E /* SharedWebCredential.swift in Sources */ = {isa = PBXBuildFile; fileRef = D63819EF27E642BB004F2B5E /* SharedWebCredential.swift */; };
		D63819F227E642BB004F2B5E /* UserData.swift in Sources */ = {isa = PBXBuildFile; fileRef = D63819EE27E642BB004F2B5E /* UserData.swift */; };
		D63819F327E642BB004F2B5E /* UserDataKeychain.swift in Sources */ = {isa = PBXBuildFile; fileRef = D63819F027E642BB004F2B5E /* UserDataKeychain.swift */; };
		D63819F427E642BB004F2B5E /* Keychain.swift in Sources */ = {isa = PBXBuildFile; fileRef = D63819ED27E642BB004F2B5E /* Keychain.swift */; };
		D63819F627E642FD004F2B5E /* WebApi.swift in Sources */ = {isa = PBXBuildFile; fileRef = D63819F527E642FD004F2B5E /* WebApi.swift */; };
		D63819F827E64BE3004F2B5E /* EnvironmentWindowKey.swift in Sources */ = {isa = PBXBuildFile; fileRef = D63819F727E64BE3004F2B5E /* EnvironmentWindowKey.swift */; };
		D644E34927FFBA3000AE3191 /* Swift-FHIR in Resources */ = {isa = PBXBuildFile; fileRef = D644E34827FFBA3000AE3191 /* Swift-FHIR */; };
		D644E34B27FFBA6400AE3191 /* FHIR in Frameworks */ = {isa = PBXBuildFile; productRef = D644E34A27FFBA6400AE3191 /* FHIR */; };
		D659A8A527D868C6006E5CA4 /* GlaucomaFHIRServer.swift in Sources */ = {isa = PBXBuildFile; fileRef = D659A8A427D868C6006E5CA4 /* GlaucomaFHIRServer.swift */; };
		D6994A2E27FFB1B00072C264 /* StaticMemory.swift in Sources */ = {isa = PBXBuildFile; fileRef = D6994A2A27FFB1AF0072C264 /* StaticMemory.swift */; };
		D69DEF6127E6A9D7001F5F6D /* PatientExtension.swift in Sources */ = {isa = PBXBuildFile; fileRef = D69DEF6027E6A9D7001F5F6D /* PatientExtension.swift */; };
		D69DEF6327E6AFCD001F5F6D /* ObservationExtension.swift in Sources */ = {isa = PBXBuildFile; fileRef = D69DEF6227E6AFCD001F5F6D /* ObservationExtension.swift */; };
/* End PBXBuildFile section */

/* Begin PBXFileReference section */
		601AD88425836A2200A43234 /* HomeView.swift */ = {isa = PBXFileReference; lastKnownFileType = sourcecode.swift; path = HomeView.swift; sourceTree = "<group>"; };
		601AD88725836D4B00A43234 /* AppView.swift */ = {isa = PBXFileReference; lastKnownFileType = sourcecode.swift; path = AppView.swift; sourceTree = "<group>"; };
		601AD88A25836D8A00A43234 /* DataView.swift */ = {isa = PBXFileReference; lastKnownFileType = sourcecode.swift; path = DataView.swift; sourceTree = "<group>"; };
		601AD8962583B45C00A43234 /* DataOne.swift */ = {isa = PBXFileReference; lastKnownFileType = sourcecode.swift; path = DataOne.swift; sourceTree = "<group>"; };
		6032D195257D9B4000E66007 /* Glaucoma.app */ = {isa = PBXFileReference; explicitFileType = wrapper.application; includeInIndex = 0; path = Glaucoma.app; sourceTree = BUILT_PRODUCTS_DIR; };
		6032D198257D9B4000E66007 /* GlaucomaApp.swift */ = {isa = PBXFileReference; lastKnownFileType = sourcecode.swift; path = GlaucomaApp.swift; sourceTree = "<group>"; };
		6032D19A257D9B4000E66007 /* ContentView.swift */ = {isa = PBXFileReference; lastKnownFileType = sourcecode.swift; path = ContentView.swift; sourceTree = "<group>"; };
		6032D19C257D9B4800E66007 /* Assets.xcassets */ = {isa = PBXFileReference; lastKnownFileType = folder.assetcatalog; path = Assets.xcassets; sourceTree = "<group>"; };
		6032D19F257D9B4800E66007 /* Preview Assets.xcassets */ = {isa = PBXFileReference; lastKnownFileType = folder.assetcatalog; path = "Preview Assets.xcassets"; sourceTree = "<group>"; };
		6032D1A1257D9B4800E66007 /* Info.plist */ = {isa = PBXFileReference; lastKnownFileType = text.plist.xml; path = Info.plist; sourceTree = "<group>"; };
		604C883827FE8D9A006BD226 /* Date.swift */ = {isa = PBXFileReference; lastKnownFileType = sourcecode.swift; path = Date.swift; sourceTree = "<group>"; };
		60947C6627FB351200584BA3 /* BLEViewModel.swift */ = {isa = PBXFileReference; lastKnownFileType = sourcecode.swift; path = BLEViewModel.swift; sourceTree = "<group>"; };
		60947C6827FB35C600584BA3 /* BLEConnectView.swift */ = {isa = PBXFileReference; lastKnownFileType = sourcecode.swift; path = BLEConnectView.swift; sourceTree = "<group>"; };
		60947C6B27FB3FBA00584BA3 /* HomeView2.swift */ = {isa = PBXFileReference; lastKnownFileType = sourcecode.swift; path = HomeView2.swift; sourceTree = "<group>"; };
		60947C6D27FB479E00584BA3 /* DataView2.swift */ = {isa = PBXFileReference; lastKnownFileType = sourcecode.swift; path = DataView2.swift; sourceTree = "<group>"; };
		60F1F74A27FED60D00A84BDE /* ChartView */ = {isa = PBXFileReference; lastKnownFileType = wrapper; path = ChartView; sourceTree = "<group>"; };
		60F1F74C27FF574F00A84BDE /* HomeViewModel.swift */ = {isa = PBXFileReference; lastKnownFileType = sourcecode.swift; path = HomeViewModel.swift; sourceTree = "<group>"; };
		60F1F74E27FF9A5F00A84BDE /* ViewExtension.swift */ = {isa = PBXFileReference; lastKnownFileType = sourcecode.swift; path = ViewExtension.swift; sourceTree = "<group>"; };
		60F1F75027FFA7E100A84BDE /* DataHandling.swift */ = {isa = PBXFileReference; lastKnownFileType = sourcecode.swift; path = DataHandling.swift; sourceTree = "<group>"; };
		D6143AA027AF0D2500F273B4 /* SettingView.swift */ = {isa = PBXFileReference; lastKnownFileType = sourcecode.swift; path = SettingView.swift; sourceTree = "<group>"; };
		D63819E627E63F7C004F2B5E /* SignInWithApple.swift */ = {isa = PBXFileReference; fileEncoding = 4; lastKnownFileType = sourcecode.swift; path = SignInWithApple.swift; sourceTree = "<group>"; };
		D63819E727E63F7C004F2B5E /* SignInWithAppleDelegates.swift */ = {isa = PBXFileReference; fileEncoding = 4; lastKnownFileType = sourcecode.swift; path = SignInWithAppleDelegates.swift; sourceTree = "<group>"; };
		D63819ED27E642BB004F2B5E /* Keychain.swift */ = {isa = PBXFileReference; lastKnownFileType = sourcecode.swift; path = Keychain.swift; sourceTree = "<group>"; };
		D63819EE27E642BB004F2B5E /* UserData.swift */ = {isa = PBXFileReference; lastKnownFileType = sourcecode.swift; path = UserData.swift; sourceTree = "<group>"; };
		D63819EF27E642BB004F2B5E /* SharedWebCredential.swift */ = {isa = PBXFileReference; lastKnownFileType = sourcecode.swift; path = SharedWebCredential.swift; sourceTree = "<group>"; };
		D63819F027E642BB004F2B5E /* UserDataKeychain.swift */ = {isa = PBXFileReference; lastKnownFileType = sourcecode.swift; path = UserDataKeychain.swift; sourceTree = "<group>"; };
		D63819F527E642FD004F2B5E /* WebApi.swift */ = {isa = PBXFileReference; fileEncoding = 4; lastKnownFileType = sourcecode.swift; path = WebApi.swift; sourceTree = "<group>"; };
		D63819F727E64BE3004F2B5E /* EnvironmentWindowKey.swift */ = {isa = PBXFileReference; fileEncoding = 4; lastKnownFileType = sourcecode.swift; path = EnvironmentWindowKey.swift; sourceTree = "<group>"; };
		D644E34827FFBA3000AE3191 /* Swift-FHIR */ = {isa = PBXFileReference; fileEncoding = 4; lastKnownFileType = text; path = "Swift-FHIR"; sourceTree = SOURCE_ROOT; };
		D659A8A427D868C6006E5CA4 /* GlaucomaFHIRServer.swift */ = {isa = PBXFileReference; lastKnownFileType = sourcecode.swift; path = GlaucomaFHIRServer.swift; sourceTree = "<group>"; };
		D6994A2A27FFB1AF0072C264 /* StaticMemory.swift */ = {isa = PBXFileReference; fileEncoding = 4; lastKnownFileType = sourcecode.swift; name = StaticMemory.swift; path = Glaucoma/StaticMemory.swift; sourceTree = "<group>"; };
		D69DEF5A27E6A716001F5F6D /* Glaucoma.entitlements */ = {isa = PBXFileReference; lastKnownFileType = text.plist.entitlements; path = Glaucoma.entitlements; sourceTree = "<group>"; };
		D69DEF6027E6A9D7001F5F6D /* PatientExtension.swift */ = {isa = PBXFileReference; lastKnownFileType = sourcecode.swift; path = PatientExtension.swift; sourceTree = "<group>"; };
		D69DEF6227E6AFCD001F5F6D /* ObservationExtension.swift */ = {isa = PBXFileReference; lastKnownFileType = sourcecode.swift; path = ObservationExtension.swift; sourceTree = "<group>"; };
/* End PBXFileReference section */

/* Begin PBXFrameworksBuildPhase section */
		6032D192257D9B4000E66007 /* Frameworks */ = {
			isa = PBXFrameworksBuildPhase;
			buildActionMask = 2147483647;
			files = (
				60F1F74927FED5F100A84BDE /* SwiftUICharts in Frameworks */,
				D644E34B27FFBA6400AE3191 /* FHIR in Frameworks */,
			);
			runOnlyForDeploymentPostprocessing = 0;
		};
/* End PBXFrameworksBuildPhase section */

/* Begin PBXGroup section */
		6032D18C257D9B4000E66007 = {
			isa = PBXGroup;
			children = (
				D6994A2A27FFB1AF0072C264 /* StaticMemory.swift */,
				6032D197257D9B4000E66007 /* Glaucoma */,
				6032D196257D9B4000E66007 /* Products */,
				D659A89C27D86776006E5CA4 /* Frameworks */,
			);
			sourceTree = "<group>";
		};
		6032D196257D9B4000E66007 /* Products */ = {
			isa = PBXGroup;
			children = (
				6032D195257D9B4000E66007 /* Glaucoma.app */,
			);
			name = Products;
			sourceTree = "<group>";
		};
		6032D197257D9B4000E66007 /* Glaucoma */ = {
			isa = PBXGroup;
			children = (
				60F1F74B27FF572F00A84BDE /* ViewModels */,
				604C883427FE8D87006BD226 /* Models */,
				60947C6A27FB3F9E00584BA3 /* UIRevamp */,
				60947C6527FB34FA00584BA3 /* Bluetooth */,
				D69DEF5A27E6A716001F5F6D /* Glaucoma.entitlements */,
				6032D198257D9B4000E66007 /* GlaucomaApp.swift */,
				6032D19A257D9B4000E66007 /* ContentView.swift */,
				601AD88725836D4B00A43234 /* AppView.swift */,
				601AD88425836A2200A43234 /* HomeView.swift */,
				D6143AA027AF0D2500F273B4 /* SettingView.swift */,
				601AD88A25836D8A00A43234 /* DataView.swift */,
				601AD8962583B45C00A43234 /* DataOne.swift */,
				D644E34827FFBA3000AE3191 /* Swift-FHIR */,
				60F1F74A27FED60D00A84BDE /* ChartView */,
				D69DEF5F27E6A90E001F5F6D /* FHIRResourceAssistance */,
				D69DEF5E27E6A825001F5F6D /* AppleSignIn */,
				6032D19C257D9B4800E66007 /* Assets.xcassets */,
				6032D1A1257D9B4800E66007 /* Info.plist */,
				6032D19E257D9B4800E66007 /* Preview Content */,
			);
			path = Glaucoma;
			sourceTree = "<group>";
		};
		6032D19E257D9B4800E66007 /* Preview Content */ = {
			isa = PBXGroup;
			children = (
				6032D19F257D9B4800E66007 /* Preview Assets.xcassets */,
			);
			path = "Preview Content";
			sourceTree = "<group>";
		};
		604C883427FE8D87006BD226 /* Models */ = {
			isa = PBXGroup;
			children = (
				604C883827FE8D9A006BD226 /* Date.swift */,
				60F1F74E27FF9A5F00A84BDE /* ViewExtension.swift */,
				60F1F75027FFA7E100A84BDE /* DataHandling.swift */,
			);
			path = Models;
			sourceTree = "<group>";
		};
		60947C6527FB34FA00584BA3 /* Bluetooth */ = {
			isa = PBXGroup;
			children = (
				60947C6627FB351200584BA3 /* BLEViewModel.swift */,
				60947C6827FB35C600584BA3 /* BLEConnectView.swift */,
			);
			path = Bluetooth;
			sourceTree = "<group>";
		};
		60947C6A27FB3F9E00584BA3 /* UIRevamp */ = {
			isa = PBXGroup;
			children = (
				60947C6B27FB3FBA00584BA3 /* HomeView2.swift */,
				60947C6D27FB479E00584BA3 /* DataView2.swift */,
			);
			path = UIRevamp;
			sourceTree = "<group>";
		};
		60F1F74B27FF572F00A84BDE /* ViewModels */ = {
			isa = PBXGroup;
			children = (
				60F1F74C27FF574F00A84BDE /* HomeViewModel.swift */,
			);
			path = ViewModels;
			sourceTree = "<group>";
		};
		D659A89C27D86776006E5CA4 /* Frameworks */ = {
			isa = PBXGroup;
			children = (
			);
			name = Frameworks;
			sourceTree = "<group>";
		};
		D69DEF5E27E6A825001F5F6D /* AppleSignIn */ = {
			isa = PBXGroup;
			children = (
				D63819F727E64BE3004F2B5E /* EnvironmentWindowKey.swift */,
				D63819E627E63F7C004F2B5E /* SignInWithApple.swift */,
				D63819E727E63F7C004F2B5E /* SignInWithAppleDelegates.swift */,
				D63819ED27E642BB004F2B5E /* Keychain.swift */,
				D63819EF27E642BB004F2B5E /* SharedWebCredential.swift */,
				D63819EE27E642BB004F2B5E /* UserData.swift */,
				D63819F527E642FD004F2B5E /* WebApi.swift */,
				D63819F027E642BB004F2B5E /* UserDataKeychain.swift */,
			);
			path = AppleSignIn;
			sourceTree = "<group>";
		};
		D69DEF5F27E6A90E001F5F6D /* FHIRResourceAssistance */ = {
			isa = PBXGroup;
			children = (
				D659A8A427D868C6006E5CA4 /* GlaucomaFHIRServer.swift */,
				D69DEF6027E6A9D7001F5F6D /* PatientExtension.swift */,
				D69DEF6227E6AFCD001F5F6D /* ObservationExtension.swift */,
			);
			path = FHIRResourceAssistance;
			sourceTree = "<group>";
		};
/* End PBXGroup section */

/* Begin PBXNativeTarget section */
		6032D194257D9B4000E66007 /* Glaucoma */ = {
			isa = PBXNativeTarget;
			buildConfigurationList = 6032D1A4257D9B4800E66007 /* Build configuration list for PBXNativeTarget "Glaucoma" */;
			buildPhases = (
				6032D191257D9B4000E66007 /* Sources */,
				6032D192257D9B4000E66007 /* Frameworks */,
				6032D193257D9B4000E66007 /* Resources */,
			);
			buildRules = (
			);
			dependencies = (
			);
			name = Glaucoma;
			packageProductDependencies = (
				60F1F74827FED5F100A84BDE /* SwiftUICharts */,
				D644E34A27FFBA6400AE3191 /* FHIR */,
			);
			productName = Glaucoma;
			productReference = 6032D195257D9B4000E66007 /* Glaucoma.app */;
			productType = "com.apple.product-type.application";
		};
/* End PBXNativeTarget section */

/* Begin PBXProject section */
		6032D18D257D9B4000E66007 /* Project object */ = {
			isa = PBXProject;
			attributes = {
				LastSwiftUpdateCheck = 1220;
				LastUpgradeCheck = 1220;
				TargetAttributes = {
					6032D194257D9B4000E66007 = {
						CreatedOnToolsVersion = 12.2;
					};
				};
			};
			buildConfigurationList = 6032D190257D9B4000E66007 /* Build configuration list for PBXProject "Glaucoma" */;
			compatibilityVersion = "Xcode 9.3";
			developmentRegion = en;
			hasScannedForEncodings = 0;
			knownRegions = (
				en,
				Base,
			);
			mainGroup = 6032D18C257D9B4000E66007;
			packageReferences = (
				60F1F74727FED5F100A84BDE /* XCRemoteSwiftPackageReference "ChartView" */,
			);
			productRefGroup = 6032D196257D9B4000E66007 /* Products */;
			projectDirPath = "";
			projectRoot = "";
			targets = (
				6032D194257D9B4000E66007 /* Glaucoma */,
			);
		};
/* End PBXProject section */

/* Begin PBXResourcesBuildPhase section */
		6032D193257D9B4000E66007 /* Resources */ = {
			isa = PBXResourcesBuildPhase;
			buildActionMask = 2147483647;
			files = (
				6032D1A0257D9B4800E66007 /* Preview Assets.xcassets in Resources */,
				D644E34927FFBA3000AE3191 /* Swift-FHIR in Resources */,
				6032D19D257D9B4800E66007 /* Assets.xcassets in Resources */,
			);
			runOnlyForDeploymentPostprocessing = 0;
		};
/* End PBXResourcesBuildPhase section */

/* Begin PBXSourcesBuildPhase section */
		6032D191257D9B4000E66007 /* Sources */ = {
			isa = PBXSourcesBuildPhase;
			buildActionMask = 2147483647;
			files = (
				604C883927FE8D9A006BD226 /* Date.swift in Sources */,
				D63819F227E642BB004F2B5E /* UserData.swift in Sources */,
				D6994A2E27FFB1B00072C264 /* StaticMemory.swift in Sources */,
				D63819F827E64BE3004F2B5E /* EnvironmentWindowKey.swift in Sources */,
				D63819E827E63F7C004F2B5E /* SignInWithApple.swift in Sources */,
				60F1F75127FFA7E100A84BDE /* DataHandling.swift in Sources */,
				60F1F74F27FF9A5F00A84BDE /* ViewExtension.swift in Sources */,
				60947C6727FB351200584BA3 /* BLEViewModel.swift in Sources */,
				601AD8972583B45C00A43234 /* DataOne.swift in Sources */,
				601AD88825836D4B00A43234 /* AppView.swift in Sources */,
				601AD88525836A2200A43234 /* HomeView.swift in Sources */,
				60947C6927FB35C600584BA3 /* BLEConnectView.swift in Sources */,
				D6143AA127AF0D2500F273B4 /* SettingView.swift in Sources */,
				D69DEF6327E6AFCD001F5F6D /* ObservationExtension.swift in Sources */,
				601AD88B25836D8A00A43234 /* DataView.swift in Sources */,
				D69DEF6127E6A9D7001F5F6D /* PatientExtension.swift in Sources */,
				D659A8A527D868C6006E5CA4 /* GlaucomaFHIRServer.swift in Sources */,
				D63819F127E642BB004F2B5E /* SharedWebCredential.swift in Sources */,
				D63819F327E642BB004F2B5E /* UserDataKeychain.swift in Sources */,
				D63819E927E63F7C004F2B5E /* SignInWithAppleDelegates.swift in Sources */,
				6032D19B257D9B4000E66007 /* ContentView.swift in Sources */,
				60947C6E27FB479E00584BA3 /* DataView2.swift in Sources */,
				60F1F74D27FF574F00A84BDE /* HomeViewModel.swift in Sources */,
				6032D199257D9B4000E66007 /* GlaucomaApp.swift in Sources */,
				D63819F427E642BB004F2B5E /* Keychain.swift in Sources */,
				D63819F627E642FD004F2B5E /* WebApi.swift in Sources */,
				60947C6C27FB3FBA00584BA3 /* HomeView2.swift in Sources */,
			);
			runOnlyForDeploymentPostprocessing = 0;
		};
/* End PBXSourcesBuildPhase section */

/* Begin XCBuildConfiguration section */
		6032D1A2257D9B4800E66007 /* Debug */ = {
			isa = XCBuildConfiguration;
			buildSettings = {
				ALWAYS_SEARCH_USER_PATHS = NO;
				CLANG_ANALYZER_NONNULL = YES;
				CLANG_ANALYZER_NUMBER_OBJECT_CONVERSION = YES_AGGRESSIVE;
				CLANG_CXX_LANGUAGE_STANDARD = "gnu++14";
				CLANG_CXX_LIBRARY = "libc++";
				CLANG_ENABLE_MODULES = YES;
				CLANG_ENABLE_OBJC_ARC = YES;
				CLANG_ENABLE_OBJC_WEAK = YES;
				CLANG_WARN_BLOCK_CAPTURE_AUTORELEASING = YES;
				CLANG_WARN_BOOL_CONVERSION = YES;
				CLANG_WARN_COMMA = YES;
				CLANG_WARN_CONSTANT_CONVERSION = YES;
				CLANG_WARN_DEPRECATED_OBJC_IMPLEMENTATIONS = YES;
				CLANG_WARN_DIRECT_OBJC_ISA_USAGE = YES_ERROR;
				CLANG_WARN_DOCUMENTATION_COMMENTS = YES;
				CLANG_WARN_EMPTY_BODY = YES;
				CLANG_WARN_ENUM_CONVERSION = YES;
				CLANG_WARN_INFINITE_RECURSION = YES;
				CLANG_WARN_INT_CONVERSION = YES;
				CLANG_WARN_NON_LITERAL_NULL_CONVERSION = YES;
				CLANG_WARN_OBJC_IMPLICIT_RETAIN_SELF = YES;
				CLANG_WARN_OBJC_LITERAL_CONVERSION = YES;
				CLANG_WARN_OBJC_ROOT_CLASS = YES_ERROR;
				CLANG_WARN_QUOTED_INCLUDE_IN_FRAMEWORK_HEADER = YES;
				CLANG_WARN_RANGE_LOOP_ANALYSIS = YES;
				CLANG_WARN_STRICT_PROTOTYPES = YES;
				CLANG_WARN_SUSPICIOUS_MOVE = YES;
				CLANG_WARN_UNGUARDED_AVAILABILITY = YES_AGGRESSIVE;
				CLANG_WARN_UNREACHABLE_CODE = YES;
				CLANG_WARN__DUPLICATE_METHOD_MATCH = YES;
				COPY_PHASE_STRIP = NO;
				DEBUG_INFORMATION_FORMAT = dwarf;
				ENABLE_STRICT_OBJC_MSGSEND = YES;
				ENABLE_TESTABILITY = YES;
				GCC_C_LANGUAGE_STANDARD = gnu11;
				GCC_DYNAMIC_NO_PIC = NO;
				GCC_NO_COMMON_BLOCKS = YES;
				GCC_OPTIMIZATION_LEVEL = 0;
				GCC_PREPROCESSOR_DEFINITIONS = (
					"DEBUG=1",
					"$(inherited)",
				);
				GCC_WARN_64_TO_32_BIT_CONVERSION = YES;
				GCC_WARN_ABOUT_RETURN_TYPE = YES_ERROR;
				GCC_WARN_UNDECLARED_SELECTOR = YES;
				GCC_WARN_UNINITIALIZED_AUTOS = YES_AGGRESSIVE;
				GCC_WARN_UNUSED_FUNCTION = YES;
				GCC_WARN_UNUSED_VARIABLE = YES;
				IPHONEOS_DEPLOYMENT_TARGET = 14.2;
				MTL_ENABLE_DEBUG_INFO = INCLUDE_SOURCE;
				MTL_FAST_MATH = YES;
				ONLY_ACTIVE_ARCH = YES;
				SDKROOT = iphoneos;
				SWIFT_ACTIVE_COMPILATION_CONDITIONS = DEBUG;
				SWIFT_OPTIMIZATION_LEVEL = "-Onone";
			};
			name = Debug;
		};
		6032D1A3257D9B4800E66007 /* Release */ = {
			isa = XCBuildConfiguration;
			buildSettings = {
				ALWAYS_SEARCH_USER_PATHS = NO;
				CLANG_ANALYZER_NONNULL = YES;
				CLANG_ANALYZER_NUMBER_OBJECT_CONVERSION = YES_AGGRESSIVE;
				CLANG_CXX_LANGUAGE_STANDARD = "gnu++14";
				CLANG_CXX_LIBRARY = "libc++";
				CLANG_ENABLE_MODULES = YES;
				CLANG_ENABLE_OBJC_ARC = YES;
				CLANG_ENABLE_OBJC_WEAK = YES;
				CLANG_WARN_BLOCK_CAPTURE_AUTORELEASING = YES;
				CLANG_WARN_BOOL_CONVERSION = YES;
				CLANG_WARN_COMMA = YES;
				CLANG_WARN_CONSTANT_CONVERSION = YES;
				CLANG_WARN_DEPRECATED_OBJC_IMPLEMENTATIONS = YES;
				CLANG_WARN_DIRECT_OBJC_ISA_USAGE = YES_ERROR;
				CLANG_WARN_DOCUMENTATION_COMMENTS = YES;
				CLANG_WARN_EMPTY_BODY = YES;
				CLANG_WARN_ENUM_CONVERSION = YES;
				CLANG_WARN_INFINITE_RECURSION = YES;
				CLANG_WARN_INT_CONVERSION = YES;
				CLANG_WARN_NON_LITERAL_NULL_CONVERSION = YES;
				CLANG_WARN_OBJC_IMPLICIT_RETAIN_SELF = YES;
				CLANG_WARN_OBJC_LITERAL_CONVERSION = YES;
				CLANG_WARN_OBJC_ROOT_CLASS = YES_ERROR;
				CLANG_WARN_QUOTED_INCLUDE_IN_FRAMEWORK_HEADER = YES;
				CLANG_WARN_RANGE_LOOP_ANALYSIS = YES;
				CLANG_WARN_STRICT_PROTOTYPES = YES;
				CLANG_WARN_SUSPICIOUS_MOVE = YES;
				CLANG_WARN_UNGUARDED_AVAILABILITY = YES_AGGRESSIVE;
				CLANG_WARN_UNREACHABLE_CODE = YES;
				CLANG_WARN__DUPLICATE_METHOD_MATCH = YES;
				COPY_PHASE_STRIP = NO;
				DEBUG_INFORMATION_FORMAT = "dwarf-with-dsym";
				ENABLE_NS_ASSERTIONS = NO;
				ENABLE_STRICT_OBJC_MSGSEND = YES;
				GCC_C_LANGUAGE_STANDARD = gnu11;
				GCC_NO_COMMON_BLOCKS = YES;
				GCC_WARN_64_TO_32_BIT_CONVERSION = YES;
				GCC_WARN_ABOUT_RETURN_TYPE = YES_ERROR;
				GCC_WARN_UNDECLARED_SELECTOR = YES;
				GCC_WARN_UNINITIALIZED_AUTOS = YES_AGGRESSIVE;
				GCC_WARN_UNUSED_FUNCTION = YES;
				GCC_WARN_UNUSED_VARIABLE = YES;
				IPHONEOS_DEPLOYMENT_TARGET = 14.2;
				MTL_ENABLE_DEBUG_INFO = NO;
				MTL_FAST_MATH = YES;
				SDKROOT = iphoneos;
				SWIFT_COMPILATION_MODE = wholemodule;
				SWIFT_OPTIMIZATION_LEVEL = "-O";
				VALIDATE_PRODUCT = YES;
			};
			name = Release;
		};
		6032D1A5257D9B4800E66007 /* Debug */ = {
			isa = XCBuildConfiguration;
			buildSettings = {
				ASSETCATALOG_COMPILER_APPICON_NAME = AppIcon;
				ASSETCATALOG_COMPILER_GLOBAL_ACCENT_COLOR_NAME = AccentColor;
				CODE_SIGN_ENTITLEMENTS = Glaucoma/Glaucoma.entitlements;
				CODE_SIGN_STYLE = Automatic;
				DEVELOPMENT_ASSET_PATHS = "\"Glaucoma/Preview Content\"";
				DEVELOPMENT_TEAM = Q7AB7Y6B9Z;
				ENABLE_PREVIEWS = YES;
				INFOPLIST_FILE = Glaucoma/Info.plist;
				IPHONEOS_DEPLOYMENT_TARGET = 15.0;
				LD_RUNPATH_SEARCH_PATHS = (
					"$(inherited)",
					"@executable_path/Frameworks",
				);
				PRODUCT_BUNDLE_IDENTIFIER = com.chris.Glaucoma;
				PRODUCT_NAME = "$(TARGET_NAME)";
				SWIFT_VERSION = 5.0;
				TARGETED_DEVICE_FAMILY = "1,2";
			};
			name = Debug;
		};
		6032D1A6257D9B4800E66007 /* Release */ = {
			isa = XCBuildConfiguration;
			buildSettings = {
				ASSETCATALOG_COMPILER_APPICON_NAME = AppIcon;
				ASSETCATALOG_COMPILER_GLOBAL_ACCENT_COLOR_NAME = AccentColor;
				CODE_SIGN_ENTITLEMENTS = Glaucoma/Glaucoma.entitlements;
				CODE_SIGN_STYLE = Automatic;
				DEVELOPMENT_ASSET_PATHS = "\"Glaucoma/Preview Content\"";
				DEVELOPMENT_TEAM = Q7AB7Y6B9Z;
				ENABLE_PREVIEWS = YES;
				INFOPLIST_FILE = Glaucoma/Info.plist;
				IPHONEOS_DEPLOYMENT_TARGET = 15.0;
				LD_RUNPATH_SEARCH_PATHS = (
					"$(inherited)",
					"@executable_path/Frameworks",
				);
				PRODUCT_BUNDLE_IDENTIFIER = com.chris.Glaucoma;
				PRODUCT_NAME = "$(TARGET_NAME)";
				SWIFT_VERSION = 5.0;
				TARGETED_DEVICE_FAMILY = "1,2";
			};
			name = Release;
		};
/* End XCBuildConfiguration section */

/* Begin XCConfigurationList section */
		6032D190257D9B4000E66007 /* Build configuration list for PBXProject "Glaucoma" */ = {
			isa = XCConfigurationList;
			buildConfigurations = (
				6032D1A2257D9B4800E66007 /* Debug */,
				6032D1A3257D9B4800E66007 /* Release */,
			);
			defaultConfigurationIsVisible = 0;
			defaultConfigurationName = Release;
		};
		6032D1A4257D9B4800E66007 /* Build configuration list for PBXNativeTarget "Glaucoma" */ = {
			isa = XCConfigurationList;
			buildConfigurations = (
				6032D1A5257D9B4800E66007 /* Debug */,
				6032D1A6257D9B4800E66007 /* Release */,
			);
			defaultConfigurationIsVisible = 0;
			defaultConfigurationName = Release;
		};
/* End XCConfigurationList section */

/* Begin XCRemoteSwiftPackageReference section */
		60F1F74727FED5F100A84BDE /* XCRemoteSwiftPackageReference "ChartView" */ = {
			isa = XCRemoteSwiftPackageReference;
			repositoryURL = "https://github.com/AppPear/ChartView";
			requirement = {
				kind = exactVersion;
				version = "2.0.0-beta.2";
			};
		};
/* End XCRemoteSwiftPackageReference section */

/* Begin XCSwiftPackageProductDependency section */
		60F1F74827FED5F100A84BDE /* SwiftUICharts */ = {
			isa = XCSwiftPackageProductDependency;
			package = 60F1F74727FED5F100A84BDE /* XCRemoteSwiftPackageReference "ChartView" */;
			productName = SwiftUICharts;
		};
		D644E34A27FFBA6400AE3191 /* FHIR */ = {
			isa = XCSwiftPackageProductDependency;
			productName = FHIR;
		};
/* End XCSwiftPackageProductDependency section */
	};
	rootObject = 6032D18D257D9B4000E66007 /* Project object */;
}
